// !$*UTF8*$!
{
	archiveVersion = 1;
	classes = {
	};
	objectVersion = 47;
	objects = {

/* Begin PBXBuildFile section */
		2C15C6DE19BFFA1300578C42 /* Cocoa.framework in Frameworks */ = {isa = PBXBuildFile; fileRef = 2C15C6DD19BFFA1300578C42 /* Cocoa.framework */; };
		2C15C6E019BFFA1300578C42 /* AppleScriptObjC.framework in Frameworks */ = {isa = PBXBuildFile; fileRef = 2C15C6DF19BFFA1300578C42 /* AppleScriptObjC.framework */; };
		2C15C6EA19BFFA1300578C42 /* InfoPlist.strings in Resources */ = {isa = PBXBuildFile; fileRef = 2C15C6E819BFFA1300578C42 /* InfoPlist.strings */; };
		2C15C6EC19BFFA1300578C42 /* main.m in Sources */ = {isa = PBXBuildFile; fileRef = 2C15C6EB19BFFA1300578C42 /* main.m */; };
		2C15C6F019BFFA1300578C42 /* Credits.rtf in Resources */ = {isa = PBXBuildFile; fileRef = 2C15C6EE19BFFA1300578C42 /* Credits.rtf */; };
		2C15C6F219BFFA1300578C42 /* FIleProcessor.applescript in Sources */ = {isa = PBXBuildFile; fileRef = 2C15C6F119BFFA1300578C42 /* FIleProcessor.applescript */; };
		2C15C6F519BFFA1300578C42 /* MainMenu.xib in Resources */ = {isa = PBXBuildFile; fileRef = 2C15C6F319BFFA1300578C42 /* MainMenu.xib */; };
		2C15C6FD19C0229900578C42 /* AppController.m in Sources */ = {isa = PBXBuildFile; fileRef = 2C15C6FC19C0229900578C42 /* AppController.m */; };
		2C15C70719C06FF200578C42 /* Localizable.strings in Resources */ = {isa = PBXBuildFile; fileRef = 2C15C70919C06FF200578C42 /* Localizable.strings */; };
		2CC26CAB1D9B4F6B0056177E /* DonationReminder.framework in Frameworks */ = {isa = PBXBuildFile; fileRef = 2CC26CA81D9B4F590056177E /* DonationReminder.framework */; };
		2CC26CAC1D9B4F740056177E /* DonationReminder.framework in CopyFiles */ = {isa = PBXBuildFile; fileRef = 2CC26CA81D9B4F590056177E /* DonationReminder.framework */; settings = {ATTRIBUTES = (CodeSignOnCopy, RemoveHeadersOnCopy, ); }; };
		2CC26CB71D9BDB340056177E /* dsa_pub.pem in Resources */ = {isa = PBXBuildFile; fileRef = 2CC26CB61D9BDB340056177E /* dsa_pub.pem */; };
		2CD6833F1D9A1866007BD256 /* ToyZip.icns in Resources */ = {isa = PBXBuildFile; fileRef = 2CD6833E1D9A1866007BD256 /* ToyZip.icns */; };
		B56DA1BC1DDFC962B4E6CADD /* libPods-ToyZip.a in Frameworks */ = {isa = PBXBuildFile; fileRef = 87D4A59475E35DBDE810CED8 /* libPods-ToyZip.a */; };
/* End PBXBuildFile section */

/* Begin PBXContainerItemProxy section */
		2CC26CA71D9B4F590056177E /* PBXContainerItemProxy */ = {
			isa = PBXContainerItemProxy;
			containerPortal = 2CC26CA31D9B4F590056177E /* DonationReminder.xcodeproj */;
			proxyType = 2;
			remoteGlobalIDString = 2C4A363E19E61FC40031E521;
			remoteInfo = DonationReminder;
		};
		2CC26CA91D9B4F620056177E /* PBXContainerItemProxy */ = {
			isa = PBXContainerItemProxy;
			containerPortal = 2CC26CA31D9B4F590056177E /* DonationReminder.xcodeproj */;
			proxyType = 1;
			remoteGlobalIDString = 2C4A363119E61FC40031E521;
			remoteInfo = DonationReminder;
		};
/* End PBXContainerItemProxy section */

/* Begin PBXCopyFilesBuildPhase section */
		2C15C70019C061EA00578C42 /* CopyFiles */ = {
			isa = PBXCopyFilesBuildPhase;
			buildActionMask = 2147483647;
			dstPath = "";
			dstSubfolderSpec = 10;
			files = (
				2CC26CAC1D9B4F740056177E /* DonationReminder.framework in CopyFiles */,
			);
			runOnlyForDeploymentPostprocessing = 0;
		};
/* End PBXCopyFilesBuildPhase section */

/* Begin PBXFileReference section */
		0DA69A249ED17ED9559DA980 /* Pods-ToyZip.debug.xcconfig */ = {isa = PBXFileReference; includeInIndex = 1; lastKnownFileType = text.xcconfig; name = "Pods-ToyZip.debug.xcconfig"; path = "Pods/Target Support Files/Pods-ToyZip/Pods-ToyZip.debug.xcconfig"; sourceTree = "<group>"; };
		2C15C6DA19BFFA1300578C42 /* ToyZip.app */ = {isa = PBXFileReference; explicitFileType = wrapper.application; includeInIndex = 0; path = ToyZip.app; sourceTree = BUILT_PRODUCTS_DIR; };
		2C15C6DD19BFFA1300578C42 /* Cocoa.framework */ = {isa = PBXFileReference; lastKnownFileType = wrapper.framework; name = Cocoa.framework; path = System/Library/Frameworks/Cocoa.framework; sourceTree = SDKROOT; };
		2C15C6DF19BFFA1300578C42 /* AppleScriptObjC.framework */ = {isa = PBXFileReference; lastKnownFileType = wrapper.framework; name = AppleScriptObjC.framework; path = System/Library/Frameworks/AppleScriptObjC.framework; sourceTree = SDKROOT; };
		2C15C6E219BFFA1300578C42 /* AppKit.framework */ = {isa = PBXFileReference; lastKnownFileType = wrapper.framework; name = AppKit.framework; path = System/Library/Frameworks/AppKit.framework; sourceTree = SDKROOT; };
		2C15C6E319BFFA1300578C42 /* CoreData.framework */ = {isa = PBXFileReference; lastKnownFileType = wrapper.framework; name = CoreData.framework; path = System/Library/Frameworks/CoreData.framework; sourceTree = SDKROOT; };
		2C15C6E419BFFA1300578C42 /* Foundation.framework */ = {isa = PBXFileReference; lastKnownFileType = wrapper.framework; name = Foundation.framework; path = System/Library/Frameworks/Foundation.framework; sourceTree = SDKROOT; };
		2C15C6E719BFFA1300578C42 /* ToyZip-Info.plist */ = {isa = PBXFileReference; lastKnownFileType = text.plist.xml; path = "ToyZip-Info.plist"; sourceTree = "<group>"; };
		2C15C6E919BFFA1300578C42 /* en */ = {isa = PBXFileReference; lastKnownFileType = text.plist.strings; name = en; path = en.lproj/InfoPlist.strings; sourceTree = "<group>"; };
		2C15C6EB19BFFA1300578C42 /* main.m */ = {isa = PBXFileReference; lastKnownFileType = sourcecode.c.objc; path = main.m; sourceTree = "<group>"; };
		2C15C6ED19BFFA1300578C42 /* ToyZip-Prefix.pch */ = {isa = PBXFileReference; lastKnownFileType = sourcecode.c.h; path = "ToyZip-Prefix.pch"; sourceTree = "<group>"; };
		2C15C6EF19BFFA1300578C42 /* en */ = {isa = PBXFileReference; lastKnownFileType = text.rtf; name = en; path = en.lproj/Credits.rtf; sourceTree = "<group>"; };
		2C15C6F119BFFA1300578C42 /* FIleProcessor.applescript */ = {isa = PBXFileReference; lastKnownFileType = sourcecode.applescript; path = FIleProcessor.applescript; sourceTree = "<group>"; };
		2C15C6FB19C0229900578C42 /* AppController.h */ = {isa = PBXFileReference; fileEncoding = 4; lastKnownFileType = sourcecode.c.h; path = AppController.h; sourceTree = "<group>"; };
		2C15C6FC19C0229900578C42 /* AppController.m */ = {isa = PBXFileReference; fileEncoding = 4; lastKnownFileType = sourcecode.c.objc; path = AppController.m; sourceTree = "<group>"; };
		2C15C70819C06FF200578C42 /* en */ = {isa = PBXFileReference; fileEncoding = 10; lastKnownFileType = text.plist.strings; name = en; path = en.lproj/Localizable.strings; sourceTree = "<group>"; };
		2C15C70A19C0733D00578C42 /* ja */ = {isa = PBXFileReference; fileEncoding = 10; lastKnownFileType = text.plist.strings; name = ja; path = ja.lproj/Localizable.strings; sourceTree = "<group>"; };
		2C15C70B19C0733D00578C42 /* ja */ = {isa = PBXFileReference; lastKnownFileType = text.plist.strings; name = ja; path = ja.lproj/InfoPlist.strings; sourceTree = "<group>"; };
		2C15C70C19C0733D00578C42 /* ja */ = {isa = PBXFileReference; lastKnownFileType = text.rtf; name = ja; path = ja.lproj/Credits.rtf; sourceTree = "<group>"; };
		2C31576F1D86E223006C9604 /* memo.md */ = {isa = PBXFileReference; lastKnownFileType = net.daringfireball.markdown; name = memo.md; path = ../memo.md; sourceTree = "<group>"; };
		2CC26CA31D9B4F590056177E /* DonationReminder.xcodeproj */ = {isa = PBXFileReference; lastKnownFileType = "wrapper.pb-project"; name = DonationReminder.xcodeproj; path = DonationReminder/DonationReminder.xcodeproj; sourceTree = "<group>"; };
		2CC26CB61D9BDB340056177E /* dsa_pub.pem */ = {isa = PBXFileReference; fileEncoding = 4; lastKnownFileType = text; path = dsa_pub.pem; sourceTree = "<group>"; };
		2CC26CB81D9BDDBA0056177E /* Base */ = {isa = PBXFileReference; lastKnownFileType = file.xib; name = Base; path = Base.lproj/MainMenu.xib; sourceTree = "<group>"; };
		2CC26CBA1D9BDDCD0056177E /* ja */ = {isa = PBXFileReference; lastKnownFileType = text.plist.strings; name = ja; path = ja.lproj/MainMenu.strings; sourceTree = "<group>"; };
		2CD6833E1D9A1866007BD256 /* ToyZip.icns */ = {isa = PBXFileReference; lastKnownFileType = image.icns; path = ToyZip.icns; sourceTree = "<group>"; };
		5064FCAAFF6472CF57FE5D49 /* Pods-ToyZip.release.xcconfig */ = {isa = PBXFileReference; includeInIndex = 1; lastKnownFileType = text.xcconfig; name = "Pods-ToyZip.release.xcconfig"; path = "Pods/Target Support Files/Pods-ToyZip/Pods-ToyZip.release.xcconfig"; sourceTree = "<group>"; };
		87D4A59475E35DBDE810CED8 /* libPods-ToyZip.a */ = {isa = PBXFileReference; explicitFileType = archive.ar; includeInIndex = 0; path = "libPods-ToyZip.a"; sourceTree = BUILT_PRODUCTS_DIR; };
/* End PBXFileReference section */

/* Begin PBXFrameworksBuildPhase section */
		2C15C6D719BFFA1300578C42 /* Frameworks */ = {
			isa = PBXFrameworksBuildPhase;
			buildActionMask = 2147483647;
			files = (
				2CC26CAB1D9B4F6B0056177E /* DonationReminder.framework in Frameworks */,
				2C15C6DE19BFFA1300578C42 /* Cocoa.framework in Frameworks */,
				2C15C6E019BFFA1300578C42 /* AppleScriptObjC.framework in Frameworks */,
				B56DA1BC1DDFC962B4E6CADD /* libPods-ToyZip.a in Frameworks */,
			);
			runOnlyForDeploymentPostprocessing = 0;
		};
/* End PBXFrameworksBuildPhase section */

/* Begin PBXGroup section */
		2C15C6D119BFFA1300578C42 = {
			isa = PBXGroup;
			children = (
				2C31576F1D86E223006C9604 /* memo.md */,
				2C15C6E519BFFA1300578C42 /* ZoyZip */,
				2C15C6DC19BFFA1300578C42 /* Frameworks */,
				2C15C6DB19BFFA1300578C42 /* Products */,
				D36DD53255A224BF344A73AD /* Pods */,
				2CC26CA31D9B4F590056177E /* DonationReminder.xcodeproj */,
			);
			sourceTree = "<group>";
		};
		2C15C6DB19BFFA1300578C42 /* Products */ = {
			isa = PBXGroup;
			children = (
				2C15C6DA19BFFA1300578C42 /* ToyZip.app */,
			);
			name = Products;
			sourceTree = "<group>";
		};
		2C15C6DC19BFFA1300578C42 /* Frameworks */ = {
			isa = PBXGroup;
			children = (
				2C15C6DD19BFFA1300578C42 /* Cocoa.framework */,
				2C15C6DF19BFFA1300578C42 /* AppleScriptObjC.framework */,
				2C15C6E119BFFA1300578C42 /* Other Frameworks */,
				87D4A59475E35DBDE810CED8 /* libPods-ToyZip.a */,
			);
			name = Frameworks;
			sourceTree = "<group>";
		};
		2C15C6E119BFFA1300578C42 /* Other Frameworks */ = {
			isa = PBXGroup;
			children = (
				2C15C6E219BFFA1300578C42 /* AppKit.framework */,
				2C15C6E319BFFA1300578C42 /* CoreData.framework */,
				2C15C6E419BFFA1300578C42 /* Foundation.framework */,
			);
			name = "Other Frameworks";
			sourceTree = "<group>";
		};
		2C15C6E519BFFA1300578C42 /* ZoyZip */ = {
			isa = PBXGroup;
			children = (
				2CC26CB61D9BDB340056177E /* dsa_pub.pem */,
				2C15C6F119BFFA1300578C42 /* FIleProcessor.applescript */,
				2C15C6FB19C0229900578C42 /* AppController.h */,
				2C15C6FC19C0229900578C42 /* AppController.m */,
				2C15C6F319BFFA1300578C42 /* MainMenu.xib */,
				2C15C6E619BFFA1300578C42 /* Supporting Files */,
			);
			name = ZoyZip;
			path = ToyZip;
			sourceTree = "<group>";
		};
		2C15C6E619BFFA1300578C42 /* Supporting Files */ = {
			isa = PBXGroup;
			children = (
				2CD6833E1D9A1866007BD256 /* ToyZip.icns */,
				2C15C70919C06FF200578C42 /* Localizable.strings */,
				2C15C6E719BFFA1300578C42 /* ToyZip-Info.plist */,
				2C15C6E819BFFA1300578C42 /* InfoPlist.strings */,
				2C15C6EB19BFFA1300578C42 /* main.m */,
				2C15C6ED19BFFA1300578C42 /* ToyZip-Prefix.pch */,
				2C15C6EE19BFFA1300578C42 /* Credits.rtf */,
			);
			name = "Supporting Files";
			sourceTree = "<group>";
		};
		2CC26CA41D9B4F590056177E /* Products */ = {
			isa = PBXGroup;
			children = (
				2CC26CA81D9B4F590056177E /* DonationReminder.framework */,
			);
			name = Products;
			sourceTree = "<group>";
		};
		D36DD53255A224BF344A73AD /* Pods */ = {
			isa = PBXGroup;
			children = (
				0DA69A249ED17ED9559DA980 /* Pods-ToyZip.debug.xcconfig */,
				5064FCAAFF6472CF57FE5D49 /* Pods-ToyZip.release.xcconfig */,
			);
			name = Pods;
			sourceTree = "<group>";
		};
/* End PBXGroup section */

/* Begin PBXNativeTarget section */
		2C15C6D919BFFA1300578C42 /* ToyZip */ = {
			isa = PBXNativeTarget;
			buildConfigurationList = 2C15C6F819BFFA1300578C42 /* Build configuration list for PBXNativeTarget "ToyZip" */;
			buildPhases = (
				96AAF27AB32FDC5A242BB490 /* [CP] Check Pods Manifest.lock */,
				2C15C6D619BFFA1300578C42 /* Sources */,
				2C15C6D719BFFA1300578C42 /* Frameworks */,
				2C15C6D819BFFA1300578C42 /* Resources */,
				2C15C70019C061EA00578C42 /* CopyFiles */,
				F616B22E1A8421B9790CC201 /* [CP] Embed Pods Frameworks */,
				90ECD8503576961272EEA631 /* [CP] Copy Pods Resources */,
			);
			buildRules = (
			);
			dependencies = (
				2CC26CAA1D9B4F620056177E /* PBXTargetDependency */,
			);
			name = ToyZip;
			productName = ZipArchiver;
			productReference = 2C15C6DA19BFFA1300578C42 /* ToyZip.app */;
			productType = "com.apple.product-type.application";
		};
/* End PBXNativeTarget section */

/* Begin PBXProject section */
		2C15C6D219BFFA1300578C42 /* Project object */ = {
			isa = PBXProject;
			attributes = {
				LastUpgradeCheck = 0730;
				TargetAttributes = {
					2C15C6D919BFFA1300578C42 = {
						DevelopmentTeam = 5VBC6385DN;
					};
				};
			};
			buildConfigurationList = 2C15C6D519BFFA1300578C42 /* Build configuration list for PBXProject "ToyZip" */;
			compatibilityVersion = "Xcode 6.3";
			developmentRegion = English;
			hasScannedForEncodings = 0;
			knownRegions = (
				en,
				English,
				ja,
				Base,
			);
			mainGroup = 2C15C6D119BFFA1300578C42;
			productRefGroup = 2C15C6DB19BFFA1300578C42 /* Products */;
			projectDirPath = "";
			projectReferences = (
				{
					ProductGroup = 2CC26CA41D9B4F590056177E /* Products */;
					ProjectRef = 2CC26CA31D9B4F590056177E /* DonationReminder.xcodeproj */;
				},
			);
			projectRoot = "";
			targets = (
				2C15C6D919BFFA1300578C42 /* ToyZip */,
			);
		};
/* End PBXProject section */

/* Begin PBXReferenceProxy section */
		2CC26CA81D9B4F590056177E /* DonationReminder.framework */ = {
			isa = PBXReferenceProxy;
			fileType = wrapper.framework;
			path = DonationReminder.framework;
			remoteRef = 2CC26CA71D9B4F590056177E /* PBXContainerItemProxy */;
			sourceTree = BUILT_PRODUCTS_DIR;
		};
/* End PBXReferenceProxy section */

/* Begin PBXResourcesBuildPhase section */
		2C15C6D819BFFA1300578C42 /* Resources */ = {
			isa = PBXResourcesBuildPhase;
			buildActionMask = 2147483647;
			files = (
				2C15C6EA19BFFA1300578C42 /* InfoPlist.strings in Resources */,
				2CC26CB71D9BDB340056177E /* dsa_pub.pem in Resources */,
				2C15C6F019BFFA1300578C42 /* Credits.rtf in Resources */,
				2CD6833F1D9A1866007BD256 /* ToyZip.icns in Resources */,
				2C15C6F519BFFA1300578C42 /* MainMenu.xib in Resources */,
				2C15C70719C06FF200578C42 /* Localizable.strings in Resources */,
			);
			runOnlyForDeploymentPostprocessing = 0;
		};
/* End PBXResourcesBuildPhase section */

/* Begin PBXShellScriptBuildPhase section */
		90ECD8503576961272EEA631 /* [CP] Copy Pods Resources */ = {
			isa = PBXShellScriptBuildPhase;
			buildActionMask = 2147483647;
			files = (
			);
			inputPaths = (
			);
			name = "[CP] Copy Pods Resources";
			outputPaths = (
			);
			runOnlyForDeploymentPostprocessing = 0;
			shellPath = /bin/sh;
			shellScript = "\"${SRCROOT}/Pods/Target Support Files/Pods-ToyZip/Pods-ToyZip-resources.sh\"\n";
			showEnvVarsInLog = 0;
		};
		96AAF27AB32FDC5A242BB490 /* [CP] Check Pods Manifest.lock */ = {
			isa = PBXShellScriptBuildPhase;
			buildActionMask = 2147483647;
			files = (
			);
			inputPaths = (
			);
			name = "[CP] Check Pods Manifest.lock";
			outputPaths = (
			);
			runOnlyForDeploymentPostprocessing = 0;
			shellPath = /bin/sh;
			shellScript = "diff \"${PODS_ROOT}/../Podfile.lock\" \"${PODS_ROOT}/Manifest.lock\" > /dev/null\nif [[ $? != 0 ]] ; then\n    cat << EOM\nerror: The sandbox is not in sync with the Podfile.lock. Run 'pod install' or update your CocoaPods installation.\nEOM\n    exit 1\nfi\n";
			showEnvVarsInLog = 0;
		};
		F616B22E1A8421B9790CC201 /* [CP] Embed Pods Frameworks */ = {
			isa = PBXShellScriptBuildPhase;
			buildActionMask = 2147483647;
			files = (
			);
			inputPaths = (
			);
			name = "[CP] Embed Pods Frameworks";
			outputPaths = (
			);
			runOnlyForDeploymentPostprocessing = 0;
			shellPath = /bin/sh;
			shellScript = "\"${SRCROOT}/Pods/Target Support Files/Pods-ToyZip/Pods-ToyZip-frameworks.sh\"\n";
			showEnvVarsInLog = 0;
		};
/* End PBXShellScriptBuildPhase section */

/* Begin PBXSourcesBuildPhase section */
		2C15C6D619BFFA1300578C42 /* Sources */ = {
			isa = PBXSourcesBuildPhase;
			buildActionMask = 2147483647;
			files = (
				2C15C6EC19BFFA1300578C42 /* main.m in Sources */,
				2C15C6F219BFFA1300578C42 /* FIleProcessor.applescript in Sources */,
				2C15C6FD19C0229900578C42 /* AppController.m in Sources */,
			);
			runOnlyForDeploymentPostprocessing = 0;
		};
/* End PBXSourcesBuildPhase section */

/* Begin PBXTargetDependency section */
		2CC26CAA1D9B4F620056177E /* PBXTargetDependency */ = {
			isa = PBXTargetDependency;
			name = DonationReminder;
			targetProxy = 2CC26CA91D9B4F620056177E /* PBXContainerItemProxy */;
		};
/* End PBXTargetDependency section */

/* Begin PBXVariantGroup section */
		2C15C6E819BFFA1300578C42 /* InfoPlist.strings */ = {
			isa = PBXVariantGroup;
			children = (
				2C15C6E919BFFA1300578C42 /* en */,
				2C15C70B19C0733D00578C42 /* ja */,
			);
			name = InfoPlist.strings;
			sourceTree = "<group>";
		};
		2C15C6EE19BFFA1300578C42 /* Credits.rtf */ = {
			isa = PBXVariantGroup;
			children = (
				2C15C6EF19BFFA1300578C42 /* en */,
				2C15C70C19C0733D00578C42 /* ja */,
			);
			name = Credits.rtf;
			sourceTree = "<group>";
		};
		2C15C6F319BFFA1300578C42 /* MainMenu.xib */ = {
			isa = PBXVariantGroup;
			children = (
				2CC26CB81D9BDDBA0056177E /* Base */,
				2CC26CBA1D9BDDCD0056177E /* ja */,
			);
			name = MainMenu.xib;
			sourceTree = "<group>";
		};
		2C15C70919C06FF200578C42 /* Localizable.strings */ = {
			isa = PBXVariantGroup;
			children = (
				2C15C70819C06FF200578C42 /* en */,
				2C15C70A19C0733D00578C42 /* ja */,
			);
			name = Localizable.strings;
			sourceTree = "<group>";
		};
/* End PBXVariantGroup section */

/* Begin XCBuildConfiguration section */
		2C15C6F619BFFA1300578C42 /* Debug */ = {
			isa = XCBuildConfiguration;
			buildSettings = {
				ALWAYS_SEARCH_USER_PATHS = NO;
				CLANG_CXX_LANGUAGE_STANDARD = "gnu++0x";
				CLANG_CXX_LIBRARY = "libc++";
				CLANG_WARN_CONSTANT_CONVERSION = YES;
				CLANG_WARN_EMPTY_BODY = YES;
				CLANG_WARN_ENUM_CONVERSION = YES;
				CLANG_WARN_INT_CONVERSION = YES;
				CLANG_WARN__DUPLICATE_METHOD_MATCH = YES;
				COPY_PHASE_STRIP = NO;
				ENABLE_TESTABILITY = YES;
				GCC_C_LANGUAGE_STANDARD = gnu99;
				GCC_DYNAMIC_NO_PIC = NO;
				GCC_ENABLE_OBJC_EXCEPTIONS = YES;
				GCC_OPTIMIZATION_LEVEL = 0;
				GCC_PREPROCESSOR_DEFINITIONS = (
					"DEBUG=1",
					"$(inherited)",
				);
				GCC_SYMBOLS_PRIVATE_EXTERN = NO;
				GCC_WARN_64_TO_32_BIT_CONVERSION = YES;
				GCC_WARN_ABOUT_RETURN_TYPE = YES;
				GCC_WARN_UNINITIALIZED_AUTOS = YES;
				GCC_WARN_UNUSED_VARIABLE = YES;
				MACOSX_DEPLOYMENT_TARGET = 10.8;
				ONLY_ACTIVE_ARCH = YES;
				SDKROOT = macosx;
				VERSIONING_SYSTEM = "apple-generic";
			};
			name = Debug;
		};
		2C15C6F719BFFA1300578C42 /* Release */ = {
			isa = XCBuildConfiguration;
			buildSettings = {
				ALWAYS_SEARCH_USER_PATHS = NO;
				CLANG_CXX_LANGUAGE_STANDARD = "gnu++0x";
				CLANG_CXX_LIBRARY = "libc++";
				CLANG_WARN_CONSTANT_CONVERSION = YES;
				CLANG_WARN_EMPTY_BODY = YES;
				CLANG_WARN_ENUM_CONVERSION = YES;
				CLANG_WARN_INT_CONVERSION = YES;
				CLANG_WARN__DUPLICATE_METHOD_MATCH = YES;
				COPY_PHASE_STRIP = YES;
				DEBUG_INFORMATION_FORMAT = "dwarf-with-dsym";
				GCC_C_LANGUAGE_STANDARD = gnu99;
				GCC_ENABLE_OBJC_EXCEPTIONS = YES;
				GCC_WARN_64_TO_32_BIT_CONVERSION = YES;
				GCC_WARN_ABOUT_RETURN_TYPE = YES;
				GCC_WARN_UNINITIALIZED_AUTOS = YES;
				GCC_WARN_UNUSED_VARIABLE = YES;
				MACOSX_DEPLOYMENT_TARGET = 10.8;
				SDKROOT = macosx;
				VERSIONING_SYSTEM = "apple-generic";
			};
			name = Release;
		};
		2C15C6F919BFFA1300578C42 /* Debug */ = {
			isa = XCBuildConfiguration;
			baseConfigurationReference = 0DA69A249ED17ED9559DA980 /* Pods-ToyZip.debug.xcconfig */;
			buildSettings = {
				CLANG_ENABLE_OBJC_ARC = YES;
				CODE_SIGN_IDENTITY = "Developer ID Application";
				COMBINE_HIDPI_IMAGES = YES;
				CURRENT_PROJECT_VERSION = 2;
				FRAMEWORK_SEARCH_PATHS = (
					"$(inherited)",
					"$(SRCROOT)",
				);
				GCC_PRECOMPILE_PREFIX_HEADER = YES;
				GCC_PREFIX_HEADER = "ToyZip/ToyZip-Prefix.pch";
				INFOPLIST_FILE = "ToyZip/ToyZip-Info.plist";
				MACOSX_DEPLOYMENT_TARGET = 10.8;
				PRODUCT_BUNDLE_IDENTIFIER = "net.script-factory.${PRODUCT_NAME:rfc1034identifier}";
				PRODUCT_NAME = ToyZip;
				WRAPPER_EXTENSION = app;
			};
			name = Debug;
		};
		2C15C6FA19BFFA1300578C42 /* Release */ = {
			isa = XCBuildConfiguration;
			baseConfigurationReference = 5064FCAAFF6472CF57FE5D49 /* Pods-ToyZip.release.xcconfig */;
			buildSettings = {
				CLANG_ENABLE_OBJC_ARC = YES;
				CODE_SIGN_IDENTITY = "Developer ID Application";
				COMBINE_HIDPI_IMAGES = YES;
				CURRENT_PROJECT_VERSION = 2;
				FRAMEWORK_SEARCH_PATHS = (
					"$(inherited)",
					"$(SRCROOT)",
				);
				GCC_PRECOMPILE_PREFIX_HEADER = YES;
				GCC_PREFIX_HEADER = "ToyZip/ToyZip-Prefix.pch";
				INFOPLIST_FILE = "ToyZip/ToyZip-Info.plist";
				MACOSX_DEPLOYMENT_TARGET = 10.8;
				PRODUCT_BUNDLE_IDENTIFIER = "net.script-factory.${PRODUCT_NAME:rfc1034identifier}";
				PRODUCT_NAME = ToyZip;
				WRAPPER_EXTENSION = app;
			};
			name = Release;
		};
/* End XCBuildConfiguration section */

/* Begin XCConfigurationList section */
		2C15C6D519BFFA1300578C42 /* Build configuration list for PBXProject "ToyZip" */ = {
			isa = XCConfigurationList;
			buildConfigurations = (
				2C15C6F619BFFA1300578C42 /* Debug */,
				2C15C6F719BFFA1300578C42 /* Release */,
			);
			defaultConfigurationIsVisible = 0;
			defaultConfigurationName = Release;
		};
		2C15C6F819BFFA1300578C42 /* Build configuration list for PBXNativeTarget "ToyZip" */ = {
			isa = XCConfigurationList;
			buildConfigurations = (
				2C15C6F919BFFA1300578C42 /* Debug */,
				2C15C6FA19BFFA1300578C42 /* Release */,
			);
			defaultConfigurationIsVisible = 0;
			defaultConfigurationName = Release;
		};
/* End XCConfigurationList section */
	};
	rootObject = 2C15C6D219BFFA1300578C42 /* Project object */;
}
